
Microsoft Visual Studio Solution File, Format Version 12.00
# Visual Studio Version 17
VisualStudioVersion = 17.5.33627.172
MinimumVisualStudioVersion = 10.0.40219.1
Project("{2150E333-8FDC-42A3-9474-1A3956D46DE8}") = "WebUI", "WebUI", "{F0A516D7-B3F7-4D28-9BF4-2B040E2B16C6}"
EndProject
Project("{FAE04EC0-301F-11D3-BF4B-00C04F79EFBC}") = "BlogSitesi.WebUI.Site", "WebUI\BlogSitesi.WebUI.Site\BlogSitesi.WebUI.Site.csproj", "{1F263250-D226-482B-BFDD-907C79EAD63C}"
EndProject
Project("{FAE04EC0-301F-11D3-BF4B-00C04F79EFBC}") = "BlogSitesi.Model", "BlogSitesi.Model\BlogSitesi.Model.csproj", "{F5490447-74A5-4044-AA27-FFECA1D24AD5}"
EndProject
Project("{FAE04EC0-301F-11D3-BF4B-00C04F79EFBC}") = "BlogSitesi.Data", "BlogSitesi.Data\BlogSitesi.Data.csproj", "{0E88996C-C792-4C49-B3A7-FD677842B2A3}"
EndProject
Global
	GlobalSection(SolutionConfigurationPlatforms) = preSolution
		Debug|Any CPU = Debug|Any CPU
		Release|Any CPU = Release|Any CPU
	EndGlobalSection
	GlobalSection(ProjectConfigurationPlatforms) = postSolution
		{1F263250-D226-482B-BFDD-907C79EAD63C}.Debug|Any CPU.ActiveCfg = Debug|Any CPU
		{1F263250-D226-482B-BFDD-907C79EAD63C}.Debug|Any CPU.Build.0 = Debug|Any CPU
		{1F263250-D226-482B-BFDD-907C79EAD63C}.Release|Any CPU.ActiveCfg = Release|Any CPU
		{1F263250-D226-482B-BFDD-907C79EAD63C}.Release|Any CPU.Build.0 = Release|Any CPU
		{F5490447-74A5-4044-AA27-FFECA1D24AD5}.Debug|Any CPU.ActiveCfg = Debug|Any CPU
		{F5490447-74A5-4044-AA27-FFECA1D24AD5}.Debug|Any CPU.Build.0 = Debug|Any CPU
		{F5490447-74A5-4044-AA27-FFECA1D24AD5}.Release|Any CPU.ActiveCfg = Release|Any CPU
		{F5490447-74A5-4044-AA27-FFECA1D24AD5}.Release|Any CPU.Build.0 = Release|Any CPU
		{0E88996C-C792-4C49-B3A7-FD677842B2A3}.Debug|Any CPU.ActiveCfg = Debug|Any CPU
		{0E88996C-C792-4C49-B3A7-FD677842B2A3}.Debug|Any CPU.Build.0 = Debug|Any CPU
		{0E88996C-C792-4C49-B3A7-FD677842B2A3}.Release|Any CPU.ActiveCfg = Release|Any CPU
		{0E88996C-C792-4C49-B3A7-FD677842B2A3}.Release|Any CPU.Build.0 = Release|Any CPU
	EndGlobalSection
	GlobalSection(SolutionProperties) = preSolution
		HideSolutionNode = FALSE
	EndGlobalSection
	GlobalSection(NestedProjects) = preSolution
		{1F263250-D226-482B-BFDD-907C79EAD63C} = {F0A516D7-B3F7-4D28-9BF4-2B040E2B16C6}
	EndGlobalSection
	GlobalSection(ExtensibilityGlobals) = postSolution
		SolutionGuid = {F936240E-BC4E-4576-ADA8-E223A63CA1D1}
	EndGlobalSection
EndGlobal
